// !$*UTF8*$!
{
	archiveVersion = 1;
	classes = {
	};
	objectVersion = 48;
	objects = {

/* Begin PBXBuildFile section */
		AF0B8E1C203B023B00504290 /* UserDefaults.swift in Sources */ = {isa = PBXBuildFile; fileRef = AF0B8E1B203B023B00504290 /* UserDefaults.swift */; };
		AF1CAAB0204AFB60002EF605 /* ReminderSetting.swift in Sources */ = {isa = PBXBuildFile; fileRef = AF1CAAAF204AFB60002EF605 /* ReminderSetting.swift */; };
		AF1CAAB2204B1346002EF605 /* ReminderRepeatSetting.swift in Sources */ = {isa = PBXBuildFile; fileRef = AF1CAAB1204B1346002EF605 /* ReminderRepeatSetting.swift */; };
		AF1E022B2042EECE00BE606D /* Settings.swift in Sources */ = {isa = PBXBuildFile; fileRef = AF1E022A2042EECE00BE606D /* Settings.swift */; };
		AF24EB31203B2FF800155AB8 /* Achievement.swift in Sources */ = {isa = PBXBuildFile; fileRef = AF24EB30203B2FF800155AB8 /* Achievement.swift */; };
		AF24EB36203DB7AD00155AB8 /* RunningRecord.swift in Sources */ = {isa = PBXBuildFile; fileRef = AF24EB35203DB7AD00155AB8 /* RunningRecord.swift */; };
		AF2A8C0E203430DE008D0A26 /* Podfile in Resources */ = {isa = PBXBuildFile; fileRef = AF2A8C0D203430DE008D0A26 /* Podfile */; };
		AF2A8C1320343CF9008D0A26 /* Configuration.swift in Sources */ = {isa = PBXBuildFile; fileRef = AF2A8C1220343CF9008D0A26 /* Configuration.swift */; };
		AF2A8C1820344C28008D0A26 /* Record.swift in Sources */ = {isa = PBXBuildFile; fileRef = AF2A8C1720344C28008D0A26 /* Record.swift */; };
		AF3D1732204047B80039A6DE /* Basic.swift in Sources */ = {isa = PBXBuildFile; fileRef = AF3D1731204047B80039A6DE /* Basic.swift */; };
		AF3D173420405AD00039A6DE /* RecordsCollection.swift in Sources */ = {isa = PBXBuildFile; fileRef = AF3D173320405AD00039A6DE /* RecordsCollection.swift */; };
		AF60B1EC20356F8000960F58 /* Assets.xcassets in Resources */ = {isa = PBXBuildFile; fileRef = AF60B1EB20356F8000960F58 /* Assets.xcassets */; };
		AF60B1F12035855400960F58 /* TabBar.swift in Sources */ = {isa = PBXBuildFile; fileRef = AF60B1F02035855400960F58 /* TabBar.swift */; };
		AF60B1F42037191500960F58 /* UIView.swift in Sources */ = {isa = PBXBuildFile; fileRef = AF60B1F32037191500960F58 /* UIView.swift */; };
		AF809BD82034623100F732FB /* RunningEntry.swift in Sources */ = {isa = PBXBuildFile; fileRef = AF809BD72034623100F732FB /* RunningEntry.swift */; };
		AFB3A3EB204A9F4400FEB13C /* RecordDetail.swift in Sources */ = {isa = PBXBuildFile; fileRef = AFB3A3EA204A9F4400FEB13C /* RecordDetail.swift */; };
		AFB684C1202C8CBE00800891 /* AppDelegate.swift in Sources */ = {isa = PBXBuildFile; fileRef = AFB684C0202C8CBE00800891 /* AppDelegate.swift */; };
		AFB684C6202C8CBE00800891 /* Main.storyboard in Resources */ = {isa = PBXBuildFile; fileRef = AFB684C4202C8CBE00800891 /* Main.storyboard */; };
		AFB684CB202C8CBE00800891 /* LaunchScreen.storyboard in Resources */ = {isa = PBXBuildFile; fileRef = AFB684C9202C8CBE00800891 /* LaunchScreen.storyboard */; };
		AFF27CB5204803D600C8F5A3 /* ModalView.swift in Sources */ = {isa = PBXBuildFile; fileRef = AFF27CB4204803D600C8F5A3 /* ModalView.swift */; };
		AFF27CB7204803F800C8F5A3 /* Modal.swift in Sources */ = {isa = PBXBuildFile; fileRef = AFF27CB6204803F800C8F5A3 /* Modal.swift */; };
		AFF27CBA20483EA800C8F5A3 /* RunningMapRecord.swift in Sources */ = {isa = PBXBuildFile; fileRef = AFF27CB920483EA800C8F5A3 /* RunningMapRecord.swift */; };
		AFF27CBE20492B2500C8F5A3 /* RecordCell.swift in Sources */ = {isa = PBXBuildFile; fileRef = AFF27CBD20492B2500C8F5A3 /* RecordCell.swift */; };
		AFF27CC02049474B00C8F5A3 /* Realm.swift in Sources */ = {isa = PBXBuildFile; fileRef = AFF27CBF2049474B00C8F5A3 /* Realm.swift */; };
		FAF5F1F1532462017119DD52 /* Pods_Runner_Plus.framework in Frameworks */ = {isa = PBXBuildFile; fileRef = 99658F40EC2EB0C31D0EB0CA /* Pods_Runner_Plus.framework */; };
/* End PBXBuildFile section */

/* Begin PBXFileReference section */
		1F05A0060CDA66E6758F7F90 /* Pods-Runner_Plus.release.xcconfig */ = {isa = PBXFileReference; includeInIndex = 1; lastKnownFileType = text.xcconfig; name = "Pods-Runner_Plus.release.xcconfig"; path = "Pods/Target Support Files/Pods-Runner_Plus/Pods-Runner_Plus.release.xcconfig"; sourceTree = "<group>"; };
		3A6691442890CCF6169D8E48 /* Pods-Runner_Plus.debug.xcconfig */ = {isa = PBXFileReference; includeInIndex = 1; lastKnownFileType = text.xcconfig; name = "Pods-Runner_Plus.debug.xcconfig"; path = "Pods/Target Support Files/Pods-Runner_Plus/Pods-Runner_Plus.debug.xcconfig"; sourceTree = "<group>"; };
		99658F40EC2EB0C31D0EB0CA /* Pods_Runner_Plus.framework */ = {isa = PBXFileReference; explicitFileType = wrapper.framework; includeInIndex = 0; path = Pods_Runner_Plus.framework; sourceTree = BUILT_PRODUCTS_DIR; };
		AF0B8E1B203B023B00504290 /* UserDefaults.swift */ = {isa = PBXFileReference; lastKnownFileType = sourcecode.swift; path = UserDefaults.swift; sourceTree = "<group>"; };
		AF1CAAAF204AFB60002EF605 /* ReminderSetting.swift */ = {isa = PBXFileReference; lastKnownFileType = sourcecode.swift; path = ReminderSetting.swift; sourceTree = "<group>"; };
		AF1CAAB1204B1346002EF605 /* ReminderRepeatSetting.swift */ = {isa = PBXFileReference; lastKnownFileType = sourcecode.swift; path = ReminderRepeatSetting.swift; sourceTree = "<group>"; };
		AF1E022A2042EECE00BE606D /* Settings.swift */ = {isa = PBXFileReference; lastKnownFileType = sourcecode.swift; path = Settings.swift; sourceTree = "<group>"; };
		AF24EB30203B2FF800155AB8 /* Achievement.swift */ = {isa = PBXFileReference; lastKnownFileType = sourcecode.swift; path = Achievement.swift; sourceTree = "<group>"; };
		AF24EB35203DB7AD00155AB8 /* RunningRecord.swift */ = {isa = PBXFileReference; lastKnownFileType = sourcecode.swift; path = RunningRecord.swift; sourceTree = "<group>"; };
		AF2A8C0D203430DE008D0A26 /* Podfile */ = {isa = PBXFileReference; fileEncoding = 4; lastKnownFileType = text; path = Podfile; sourceTree = SOURCE_ROOT; xcLanguageSpecificationIdentifier = xcode.lang.ruby; };
		AF2A8C1220343CF9008D0A26 /* Configuration.swift */ = {isa = PBXFileReference; lastKnownFileType = sourcecode.swift; path = Configuration.swift; sourceTree = "<group>"; };
		AF2A8C1720344C28008D0A26 /* Record.swift */ = {isa = PBXFileReference; lastKnownFileType = sourcecode.swift; path = Record.swift; sourceTree = "<group>"; };
		AF3D1731204047B80039A6DE /* Basic.swift */ = {isa = PBXFileReference; lastKnownFileType = sourcecode.swift; path = Basic.swift; sourceTree = "<group>"; };
		AF3D173320405AD00039A6DE /* RecordsCollection.swift */ = {isa = PBXFileReference; lastKnownFileType = sourcecode.swift; path = RecordsCollection.swift; sourceTree = "<group>"; };
		AF60B1EB20356F8000960F58 /* Assets.xcassets */ = {isa = PBXFileReference; lastKnownFileType = folder.assetcatalog; path = Assets.xcassets; sourceTree = "<group>"; };
		AF60B1F02035855400960F58 /* TabBar.swift */ = {isa = PBXFileReference; lastKnownFileType = sourcecode.swift; path = TabBar.swift; sourceTree = "<group>"; };
		AF60B1F32037191500960F58 /* UIView.swift */ = {isa = PBXFileReference; lastKnownFileType = sourcecode.swift; path = UIView.swift; sourceTree = "<group>"; };
		AF809BD72034623100F732FB /* RunningEntry.swift */ = {isa = PBXFileReference; lastKnownFileType = sourcecode.swift; path = RunningEntry.swift; sourceTree = "<group>"; };
		AFB3A3EA204A9F4400FEB13C /* RecordDetail.swift */ = {isa = PBXFileReference; lastKnownFileType = sourcecode.swift; path = RecordDetail.swift; sourceTree = "<group>"; };
		AFB684BD202C8CBE00800891 /* Runner_Plus.app */ = {isa = PBXFileReference; explicitFileType = wrapper.application; includeInIndex = 0; path = Runner_Plus.app; sourceTree = BUILT_PRODUCTS_DIR; };
		AFB684C0202C8CBE00800891 /* AppDelegate.swift */ = {isa = PBXFileReference; lastKnownFileType = sourcecode.swift; path = AppDelegate.swift; sourceTree = "<group>"; };
		AFB684C5202C8CBE00800891 /* Base */ = {isa = PBXFileReference; lastKnownFileType = file.storyboard; name = Base; path = Base.lproj/Main.storyboard; sourceTree = "<group>"; };
		AFB684CA202C8CBE00800891 /* Base */ = {isa = PBXFileReference; lastKnownFileType = file.storyboard; name = Base; path = Base.lproj/LaunchScreen.storyboard; sourceTree = "<group>"; };
		AFB684CC202C8CBE00800891 /* Info.plist */ = {isa = PBXFileReference; lastKnownFileType = text.plist.xml; path = Info.plist; sourceTree = "<group>"; };
		AFF27CB4204803D600C8F5A3 /* ModalView.swift */ = {isa = PBXFileReference; lastKnownFileType = sourcecode.swift; path = ModalView.swift; sourceTree = "<group>"; };
		AFF27CB6204803F800C8F5A3 /* Modal.swift */ = {isa = PBXFileReference; lastKnownFileType = sourcecode.swift; path = Modal.swift; sourceTree = "<group>"; };
		AFF27CB920483EA800C8F5A3 /* RunningMapRecord.swift */ = {isa = PBXFileReference; lastKnownFileType = sourcecode.swift; path = RunningMapRecord.swift; sourceTree = "<group>"; };
		AFF27CBD20492B2500C8F5A3 /* RecordCell.swift */ = {isa = PBXFileReference; lastKnownFileType = sourcecode.swift; path = RecordCell.swift; sourceTree = "<group>"; };
		AFF27CBF2049474B00C8F5A3 /* Realm.swift */ = {isa = PBXFileReference; lastKnownFileType = sourcecode.swift; path = Realm.swift; sourceTree = "<group>"; };
/* End PBXFileReference section */

/* Begin PBXFrameworksBuildPhase section */
		AFB684BA202C8CBE00800891 /* Frameworks */ = {
			isa = PBXFrameworksBuildPhase;
			buildActionMask = 2147483647;
			files = (
				FAF5F1F1532462017119DD52 /* Pods_Runner_Plus.framework in Frameworks */,
			);
			runOnlyForDeploymentPostprocessing = 0;
		};
/* End PBXFrameworksBuildPhase section */

/* Begin PBXGroup section */
		60AFD4F892277FA6584E98FD /* Pods */ = {
			isa = PBXGroup;
			children = (
				3A6691442890CCF6169D8E48 /* Pods-Runner_Plus.debug.xcconfig */,
				1F05A0060CDA66E6758F7F90 /* Pods-Runner_Plus.release.xcconfig */,
			);
			name = Pods;
			sourceTree = "<group>";
		};
		80F3822AD93C976784AFBAA2 /* Frameworks */ = {
			isa = PBXGroup;
			children = (
				99658F40EC2EB0C31D0EB0CA /* Pods_Runner_Plus.framework */,
			);
			name = Frameworks;
			sourceTree = "<group>";
		};
		AF1CAAAE204AFB29002EF605 /* Setting */ = {
			isa = PBXGroup;
			children = (
				AF1E022A2042EECE00BE606D /* Settings.swift */,
				AF1CAAAF204AFB60002EF605 /* ReminderSetting.swift */,
				AF1CAAB1204B1346002EF605 /* ReminderRepeatSetting.swift */,
			);
			path = Setting;
			sourceTree = "<group>";
		};
		AF24EB32203B37A000155AB8 /* views */ = {
			isa = PBXGroup;
			children = (
				AFF27CB4204803D600C8F5A3 /* ModalView.swift */,
				AFF27CBD20492B2500C8F5A3 /* RecordCell.swift */,
			);
			path = views;
			sourceTree = "<group>";
		};
		AF2A8C1120343CD9008D0A26 /* Configuration */ = {
			isa = PBXGroup;
			children = (
				AF2A8C1220343CF9008D0A26 /* Configuration.swift */,
			);
			path = Configuration;
			sourceTree = "<group>";
		};
		AF2A8C1420343D59008D0A26 /* Models */ = {
			isa = PBXGroup;
			children = (
				AF2A8C1720344C28008D0A26 /* Record.swift */,
			);
			path = Models;
			sourceTree = "<group>";
		};
		AF60B1EF2035854200960F58 /* Animation */ = {
			isa = PBXGroup;
			children = (
				AF60B1F02035855400960F58 /* TabBar.swift */,
			);
			path = Animation;
			sourceTree = "<group>";
		};
		AF60B1F22037190A00960F58 /* Extensions */ = {
			isa = PBXGroup;
			children = (
				AF60B1F32037191500960F58 /* UIView.swift */,
				AF0B8E1B203B023B00504290 /* UserDefaults.swift */,
				AF3D1731204047B80039A6DE /* Basic.swift */,
				AFF27CB6204803F800C8F5A3 /* Modal.swift */,
				AFF27CBF2049474B00C8F5A3 /* Realm.swift */,
			);
			path = Extensions;
			sourceTree = "<group>";
		};
		AFB684B4202C8CBE00800891 = {
			isa = PBXGroup;
			children = (
				AFB684BF202C8CBE00800891 /* Runner_Plus */,
				AFB684BE202C8CBE00800891 /* Products */,
				AF2A8C0D203430DE008D0A26 /* Podfile */,
				60AFD4F892277FA6584E98FD /* Pods */,
				80F3822AD93C976784AFBAA2 /* Frameworks */,
			);
			sourceTree = "<group>";
		};
		AFB684BE202C8CBE00800891 /* Products */ = {
			isa = PBXGroup;
			children = (
				AFB684BD202C8CBE00800891 /* Runner_Plus.app */,
			);
			name = Products;
			sourceTree = "<group>";
		};
		AFB684BF202C8CBE00800891 /* Runner_Plus */ = {
			isa = PBXGroup;
			children = (
				AF24EB32203B37A000155AB8 /* views */,
				AF60B1F22037190A00960F58 /* Extensions */,
				AF60B1EF2035854200960F58 /* Animation */,
				AF2A8C1420343D59008D0A26 /* Models */,
				AF2A8C1120343CD9008D0A26 /* Configuration */,
				AFB684D2202C8CD900800891 /* Delegates */,
				AFB684D5202C8D2600800891 /* ViewControllers */,
				AFB684D3202C8CF100800891 /* Resources */,
				AFB684D4202C8D0F00800891 /* Storyboards */,
				AFB684D6202C8D4000800891 /* SupportingFiles */,
			);
			path = Runner_Plus;
			sourceTree = "<group>";
		};
		AFB684D2202C8CD900800891 /* Delegates */ = {
			isa = PBXGroup;
			children = (
				AFB684C0202C8CBE00800891 /* AppDelegate.swift */,
			);
			path = Delegates;
			sourceTree = "<group>";
		};
		AFB684D3202C8CF100800891 /* Resources */ = {
			isa = PBXGroup;
			children = (
				AF60B1EB20356F8000960F58 /* Assets.xcassets */,
			);
			path = Resources;
			sourceTree = "<group>";
		};
		AFB684D4202C8D0F00800891 /* Storyboards */ = {
			isa = PBXGroup;
			children = (
				AFB684C9202C8CBE00800891 /* LaunchScreen.storyboard */,
				AFB684C4202C8CBE00800891 /* Main.storyboard */,
			);
			path = Storyboards;
			sourceTree = "<group>";
		};
		AFB684D5202C8D2600800891 /* ViewControllers */ = {
			isa = PBXGroup;
			children = (
				AF809BD72034623100F732FB /* RunningEntry.swift */,
				AF24EB30203B2FF800155AB8 /* Achievement.swift */,
				AF24EB35203DB7AD00155AB8 /* RunningRecord.swift */,
				AF3D173320405AD00039A6DE /* RecordsCollection.swift */,
				AF1CAAAE204AFB29002EF605 /* Setting */,
				AFF27CB920483EA800C8F5A3 /* RunningMapRecord.swift */,
				AFB3A3EA204A9F4400FEB13C /* RecordDetail.swift */,
			);
			path = ViewControllers;
			sourceTree = "<group>";
		};
		AFB684D6202C8D4000800891 /* SupportingFiles */ = {
			isa = PBXGroup;
			children = (
				AFB684CC202C8CBE00800891 /* Info.plist */,
			);
			path = SupportingFiles;
			sourceTree = "<group>";
		};
/* End PBXGroup section */

/* Begin PBXNativeTarget section */
		AFB684BC202C8CBE00800891 /* Runner_Plus */ = {
			isa = PBXNativeTarget;
			buildConfigurationList = AFB684CF202C8CBE00800891 /* Build configuration list for PBXNativeTarget "Runner_Plus" */;
			buildPhases = (
				0D6C7AA9F7C27B14DAE4497C /* [CP] Check Pods Manifest.lock */,
				AFB684B9202C8CBE00800891 /* Sources */,
				AFB684BA202C8CBE00800891 /* Frameworks */,
				AFB684BB202C8CBE00800891 /* Resources */,
				CBCCE31AA27D300DD13E098A /* [CP] Embed Pods Frameworks */,
				D6E990FBB29AA299D3023F04 /* [CP] Copy Pods Resources */,
			);
			buildRules = (
			);
			dependencies = (
			);
			name = Runner_Plus;
			productName = Runner_Plus;
			productReference = AFB684BD202C8CBE00800891 /* Runner_Plus.app */;
			productType = "com.apple.product-type.application";
		};
/* End PBXNativeTarget section */

/* Begin PBXProject section */
		AFB684B5202C8CBE00800891 /* Project object */ = {
			isa = PBXProject;
			attributes = {
				LastSwiftUpdateCheck = 0920;
				LastUpgradeCheck = 0930;
				ORGANIZATIONNAME = liujx;
				TargetAttributes = {
					AFB684BC202C8CBE00800891 = {
						CreatedOnToolsVersion = 9.2;
						ProvisioningStyle = Automatic;
					};
				};
			};
			buildConfigurationList = AFB684B8202C8CBE00800891 /* Build configuration list for PBXProject "Runner_Plus" */;
			compatibilityVersion = "Xcode 8.0";
			developmentRegion = en;
			hasScannedForEncodings = 0;
			knownRegions = (
				en,
				Base,
			);
			mainGroup = AFB684B4202C8CBE00800891;
			productRefGroup = AFB684BE202C8CBE00800891 /* Products */;
			projectDirPath = "";
			projectRoot = "";
			targets = (
				AFB684BC202C8CBE00800891 /* Runner_Plus */,
			);
		};
/* End PBXProject section */

/* Begin PBXResourcesBuildPhase section */
		AFB684BB202C8CBE00800891 /* Resources */ = {
			isa = PBXResourcesBuildPhase;
			buildActionMask = 2147483647;
			files = (
				AFB684CB202C8CBE00800891 /* LaunchScreen.storyboard in Resources */,
				AF2A8C0E203430DE008D0A26 /* Podfile in Resources */,
				AF60B1EC20356F8000960F58 /* Assets.xcassets in Resources */,
				AFB684C6202C8CBE00800891 /* Main.storyboard in Resources */,
			);
			runOnlyForDeploymentPostprocessing = 0;
		};
/* End PBXResourcesBuildPhase section */

/* Begin PBXShellScriptBuildPhase section */
		0D6C7AA9F7C27B14DAE4497C /* [CP] Check Pods Manifest.lock */ = {
			isa = PBXShellScriptBuildPhase;
			buildActionMask = 2147483647;
			files = (
			);
			inputPaths = (
				"${PODS_PODFILE_DIR_PATH}/Podfile.lock",
				"${PODS_ROOT}/Manifest.lock",
			);
			name = "[CP] Check Pods Manifest.lock";
			outputPaths = (
				"$(DERIVED_FILE_DIR)/Pods-Runner_Plus-checkManifestLockResult.txt",
			);
			runOnlyForDeploymentPostprocessing = 0;
			shellPath = /bin/sh;
			shellScript = "diff \"${PODS_PODFILE_DIR_PATH}/Podfile.lock\" \"${PODS_ROOT}/Manifest.lock\" > /dev/null\nif [ $? != 0 ] ; then\n    # print error to STDERR\n    echo \"error: The sandbox is not in sync with the Podfile.lock. Run 'pod install' or update your CocoaPods installation.\" >&2\n    exit 1\nfi\n# This output is used by Xcode 'outputs' to avoid re-running this script phase.\necho \"SUCCESS\" > \"${SCRIPT_OUTPUT_FILE_0}\"\n";
			showEnvVarsInLog = 0;
		};
		CBCCE31AA27D300DD13E098A /* [CP] Embed Pods Frameworks */ = {
			isa = PBXShellScriptBuildPhase;
			buildActionMask = 2147483647;
			files = (
			);
			inputPaths = (
				"${SRCROOT}/Pods/Target Support Files/Pods-Runner_Plus/Pods-Runner_Plus-frameworks.sh",
				"${BUILT_PRODUCTS_DIR}/Ambience/Ambience.framework",
				"${BUILT_PRODUCTS_DIR}/RAMAnimatedTabBarController/RAMAnimatedTabBarController.framework",
				"${BUILT_PRODUCTS_DIR}/Realm/Realm.framework",
				"${BUILT_PRODUCTS_DIR}/RealmSwift/RealmSwift.framework",
				"${BUILT_PRODUCTS_DIR}/RxCocoa/RxCocoa.framework",
				"${BUILT_PRODUCTS_DIR}/RxRealm/RxRealm.framework",
				"${BUILT_PRODUCTS_DIR}/RxSwift/RxSwift.framework",
			);
			name = "[CP] Embed Pods Frameworks";
			outputPaths = (
				"${TARGET_BUILD_DIR}/${FRAMEWORKS_FOLDER_PATH}/Ambience.framework",
				"${TARGET_BUILD_DIR}/${FRAMEWORKS_FOLDER_PATH}/RAMAnimatedTabBarController.framework",
				"${TARGET_BUILD_DIR}/${FRAMEWORKS_FOLDER_PATH}/Realm.framework",
				"${TARGET_BUILD_DIR}/${FRAMEWORKS_FOLDER_PATH}/RealmSwift.framework",
				"${TARGET_BUILD_DIR}/${FRAMEWORKS_FOLDER_PATH}/RxCocoa.framework",
				"${TARGET_BUILD_DIR}/${FRAMEWORKS_FOLDER_PATH}/RxRealm.framework",
				"${TARGET_BUILD_DIR}/${FRAMEWORKS_FOLDER_PATH}/RxSwift.framework",
			);
			runOnlyForDeploymentPostprocessing = 0;
			shellPath = /bin/sh;
			shellScript = "\"${SRCROOT}/Pods/Target Support Files/Pods-Runner_Plus/Pods-Runner_Plus-frameworks.sh\"\n";
			showEnvVarsInLog = 0;
		};
		D6E990FBB29AA299D3023F04 /* [CP] Copy Pods Resources */ = {
			isa = PBXShellScriptBuildPhase;
			buildActionMask = 2147483647;
			files = (
			);
			inputPaths = (
			);
			name = "[CP] Copy Pods Resources";
			outputPaths = (
			);
			runOnlyForDeploymentPostprocessing = 0;
			shellPath = /bin/sh;
			shellScript = "\"${SRCROOT}/Pods/Target Support Files/Pods-Runner_Plus/Pods-Runner_Plus-resources.sh\"\n";
			showEnvVarsInLog = 0;
		};
/* End PBXShellScriptBuildPhase section */

/* Begin PBXSourcesBuildPhase section */
		AFB684B9202C8CBE00800891 /* Sources */ = {
			isa = PBXSourcesBuildPhase;
			buildActionMask = 2147483647;
			files = (
				AFB3A3EB204A9F4400FEB13C /* RecordDetail.swift in Sources */,
				AF809BD82034623100F732FB /* RunningEntry.swift in Sources */,
				AF3D173420405AD00039A6DE /* RecordsCollection.swift in Sources */,
				AFF27CBA20483EA800C8F5A3 /* RunningMapRecord.swift in Sources */,
				AF60B1F42037191500960F58 /* UIView.swift in Sources */,
				AF2A8C1320343CF9008D0A26 /* Configuration.swift in Sources */,
				AF0B8E1C203B023B00504290 /* UserDefaults.swift in Sources */,
				AF2A8C1820344C28008D0A26 /* Record.swift in Sources */,
				AFB684C1202C8CBE00800891 /* AppDelegate.swift in Sources */,
				AFF27CC02049474B00C8F5A3 /* Realm.swift in Sources */,
				AF24EB36203DB7AD00155AB8 /* RunningRecord.swift in Sources */,
				AF1E022B2042EECE00BE606D /* Settings.swift in Sources */,
				AFF27CBE20492B2500C8F5A3 /* RecordCell.swift in Sources */,
				AF3D1732204047B80039A6DE /* Basic.swift in Sources */,
				AF1CAAB0204AFB60002EF605 /* ReminderSetting.swift in Sources */,
				AF1CAAB2204B1346002EF605 /* ReminderRepeatSetting.swift in Sources */,
				AF60B1F12035855400960F58 /* TabBar.swift in Sources */,
				AFF27CB7204803F800C8F5A3 /* Modal.swift in Sources */,
				AF24EB31203B2FF800155AB8 /* Achievement.swift in Sources */,
				AFF27CB5204803D600C8F5A3 /* ModalView.swift in Sources */,
			);
			runOnlyForDeploymentPostprocessing = 0;
		};
/* End PBXSourcesBuildPhase section */

/* Begin PBXVariantGroup section */
		AFB684C4202C8CBE00800891 /* Main.storyboard */ = {
			isa = PBXVariantGroup;
			children = (
				AFB684C5202C8CBE00800891 /* Base */,
			);
			name = Main.storyboard;
			sourceTree = "<group>";
		};
		AFB684C9202C8CBE00800891 /* LaunchScreen.storyboard */ = {
			isa = PBXVariantGroup;
			children = (
				AFB684CA202C8CBE00800891 /* Base */,
			);
			name = LaunchScreen.storyboard;
			sourceTree = "<group>";
		};
/* End PBXVariantGroup section */

/* Begin XCBuildConfiguration section */
		AFB684CD202C8CBE00800891 /* Debug */ = {
			isa = XCBuildConfiguration;
			buildSettings = {
				ALWAYS_SEARCH_USER_PATHS = NO;
				CLANG_ANALYZER_NONNULL = YES;
				CLANG_ANALYZER_NUMBER_OBJECT_CONVERSION = YES_AGGRESSIVE;
				CLANG_CXX_LANGUAGE_STANDARD = "gnu++14";
				CLANG_CXX_LIBRARY = "libc++";
				CLANG_ENABLE_MODULES = YES;
				CLANG_ENABLE_OBJC_ARC = YES;
				CLANG_WARN_BLOCK_CAPTURE_AUTORELEASING = YES;
				CLANG_WARN_BOOL_CONVERSION = YES;
				CLANG_WARN_COMMA = YES;
				CLANG_WARN_CONSTANT_CONVERSION = YES;
				CLANG_WARN_DEPRECATED_OBJC_IMPLEMENTATIONS = YES;
				CLANG_WARN_DIRECT_OBJC_ISA_USAGE = YES_ERROR;
				CLANG_WARN_DOCUMENTATION_COMMENTS = YES;
				CLANG_WARN_EMPTY_BODY = YES;
				CLANG_WARN_ENUM_CONVERSION = YES;
				CLANG_WARN_INFINITE_RECURSION = YES;
				CLANG_WARN_INT_CONVERSION = YES;
				CLANG_WARN_NON_LITERAL_NULL_CONVERSION = YES;
				CLANG_WARN_OBJC_IMPLICIT_RETAIN_SELF = YES;
				CLANG_WARN_OBJC_LITERAL_CONVERSION = YES;
				CLANG_WARN_OBJC_ROOT_CLASS = YES_ERROR;
				CLANG_WARN_RANGE_LOOP_ANALYSIS = YES;
				CLANG_WARN_STRICT_PROTOTYPES = YES;
				CLANG_WARN_SUSPICIOUS_MOVE = YES;
				CLANG_WARN_UNGUARDED_AVAILABILITY = YES_AGGRESSIVE;
				CLANG_WARN_UNREACHABLE_CODE = YES;
				CLANG_WARN__DUPLICATE_METHOD_MATCH = YES;
				CODE_SIGN_IDENTITY = "iPhone Developer";
				COPY_PHASE_STRIP = NO;
				DEBUG_INFORMATION_FORMAT = dwarf;
				ENABLE_STRICT_OBJC_MSGSEND = YES;
				ENABLE_TESTABILITY = YES;
				GCC_C_LANGUAGE_STANDARD = gnu11;
				GCC_DYNAMIC_NO_PIC = NO;
				GCC_NO_COMMON_BLOCKS = YES;
				GCC_OPTIMIZATION_LEVEL = 0;
				GCC_PREPROCESSOR_DEFINITIONS = (
					"DEBUG=1",
					"$(inherited)",
				);
				GCC_WARN_64_TO_32_BIT_CONVERSION = YES;
				GCC_WARN_ABOUT_RETURN_TYPE = YES_ERROR;
				GCC_WARN_UNDECLARED_SELECTOR = YES;
				GCC_WARN_UNINITIALIZED_AUTOS = YES_AGGRESSIVE;
				GCC_WARN_UNUSED_FUNCTION = YES;
				GCC_WARN_UNUSED_VARIABLE = YES;
				IPHONEOS_DEPLOYMENT_TARGET = 11.2;
				MTL_ENABLE_DEBUG_INFO = YES;
				ONLY_ACTIVE_ARCH = YES;
				SDKROOT = iphoneos;
				SWIFT_ACTIVE_COMPILATION_CONDITIONS = DEBUG;
				SWIFT_OPTIMIZATION_LEVEL = "-Onone";
			};
			name = Debug;
		};
		AFB684CE202C8CBE00800891 /* Release */ = {
			isa = XCBuildConfiguration;
			buildSettings = {
				ALWAYS_SEARCH_USER_PATHS = NO;
				CLANG_ANALYZER_NONNULL = YES;
				CLANG_ANALYZER_NUMBER_OBJECT_CONVERSION = YES_AGGRESSIVE;
				CLANG_CXX_LANGUAGE_STANDARD = "gnu++14";
				CLANG_CXX_LIBRARY = "libc++";
				CLANG_ENABLE_MODULES = YES;
				CLANG_ENABLE_OBJC_ARC = YES;
				CLANG_WARN_BLOCK_CAPTURE_AUTORELEASING = YES;
				CLANG_WARN_BOOL_CONVERSION = YES;
				CLANG_WARN_COMMA = YES;
				CLANG_WARN_CONSTANT_CONVERSION = YES;
				CLANG_WARN_DEPRECATED_OBJC_IMPLEMENTATIONS = YES;
				CLANG_WARN_DIRECT_OBJC_ISA_USAGE = YES_ERROR;
				CLANG_WARN_DOCUMENTATION_COMMENTS = YES;
				CLANG_WARN_EMPTY_BODY = YES;
				CLANG_WARN_ENUM_CONVERSION = YES;
				CLANG_WARN_INFINITE_RECURSION = YES;
				CLANG_WARN_INT_CONVERSION = YES;
				CLANG_WARN_NON_LITERAL_NULL_CONVERSION = YES;
				CLANG_WARN_OBJC_IMPLICIT_RETAIN_SELF = YES;
				CLANG_WARN_OBJC_LITERAL_CONVERSION = YES;
				CLANG_WARN_OBJC_ROOT_CLASS = YES_ERROR;
				CLANG_WARN_RANGE_LOOP_ANALYSIS = YES;
				CLANG_WARN_STRICT_PROTOTYPES = YES;
				CLANG_WARN_SUSPICIOUS_MOVE = YES;
				CLANG_WARN_UNGUARDED_AVAILABILITY = YES_AGGRESSIVE;
				CLANG_WARN_UNREACHABLE_CODE = YES;
				CLANG_WARN__DUPLICATE_METHOD_MATCH = YES;
				CODE_SIGN_IDENTITY = "iPhone Developer";
				COPY_PHASE_STRIP = NO;
				DEBUG_INFORMATION_FORMAT = "dwarf-with-dsym";
				ENABLE_NS_ASSERTIONS = NO;
				ENABLE_STRICT_OBJC_MSGSEND = YES;
				GCC_C_LANGUAGE_STANDARD = gnu11;
				GCC_NO_COMMON_BLOCKS = YES;
				GCC_WARN_64_TO_32_BIT_CONVERSION = YES;
				GCC_WARN_ABOUT_RETURN_TYPE = YES_ERROR;
				GCC_WARN_UNDECLARED_SELECTOR = YES;
				GCC_WARN_UNINITIALIZED_AUTOS = YES_AGGRESSIVE;
				GCC_WARN_UNUSED_FUNCTION = YES;
				GCC_WARN_UNUSED_VARIABLE = YES;
				IPHONEOS_DEPLOYMENT_TARGET = 11.2;
				MTL_ENABLE_DEBUG_INFO = NO;
				SDKROOT = iphoneos;
				SWIFT_COMPILATION_MODE = wholemodule;
				SWIFT_OPTIMIZATION_LEVEL = "-Owholemodule";
				VALIDATE_PRODUCT = YES;
			};
			name = Release;
		};
		AFB684D0202C8CBE00800891 /* Debug */ = {
			isa = XCBuildConfiguration;
			baseConfigurationReference = 3A6691442890CCF6169D8E48 /* Pods-Runner_Plus.debug.xcconfig */;
			buildSettings = {
				ASSETCATALOG_COMPILER_APPICON_NAME = AppIcon;
				CODE_SIGN_STYLE = Automatic;
				DEVELOPMENT_TEAM = V3A99USA23;
				INFOPLIST_FILE = Runner_Plus/SupportingFiles/Info.plist;
				IPHONEOS_DEPLOYMENT_TARGET = 10.3;
				LD_RUNPATH_SEARCH_PATHS = "$(inherited) @executable_path/Frameworks";
				PRODUCT_BUNDLE_IDENTIFIER = "Life-optimizer.Runner-Plus";
				PRODUCT_NAME = "$(TARGET_NAME)";
				SWIFT_VERSION = 4.0;
				TARGETED_DEVICE_FAMILY = 1;
			};
			name = Debug;
		};
		AFB684D1202C8CBE00800891 /* Release */ = {
			isa = XCBuildConfiguration;
			baseConfigurationReference = 1F05A0060CDA66E6758F7F90 /* Pods-Runner_Plus.release.xcconfig */;
			buildSettings = {
				ASSETCATALOG_COMPILER_APPICON_NAME = AppIcon;
				CODE_SIGN_STYLE = Automatic;
				DEVELOPMENT_TEAM = V3A99USA23;
				INFOPLIST_FILE = Runner_Plus/SupportingFiles/Info.plist;
				IPHONEOS_DEPLOYMENT_TARGET = 10.3;
				LD_RUNPATH_SEARCH_PATHS = "$(inherited) @executable_path/Frameworks";
				PRODUCT_BUNDLE_IDENTIFIER = "Life-optimizer.Runner-Plus";
				PRODUCT_NAME = "$(TARGET_NAME)";
				SWIFT_VERSION = 4.0;
				TARGETED_DEVICE_FAMILY = 1;
			};
			name = Release;
		};
/* End XCBuildConfiguration section */

/* Begin XCConfigurationList section */
		AFB684B8202C8CBE00800891 /* Build configuration list for PBXProject "Runner_Plus" */ = {
			isa = XCConfigurationList;
			buildConfigurations = (
				AFB684CD202C8CBE00800891 /* Debug */,
				AFB684CE202C8CBE00800891 /* Release */,
			);
			defaultConfigurationIsVisible = 0;
			defaultConfigurationName = Release;
		};
		AFB684CF202C8CBE00800891 /* Build configuration list for PBXNativeTarget "Runner_Plus" */ = {
			isa = XCConfigurationList;
			buildConfigurations = (
				AFB684D0202C8CBE00800891 /* Debug */,
				AFB684D1202C8CBE00800891 /* Release */,
			);
			defaultConfigurationIsVisible = 0;
			defaultConfigurationName = Release;
		};
/* End XCConfigurationList section */
	};
	rootObject = AFB684B5202C8CBE00800891 /* Project object */;
}
